{
  "name": "@massudy/brain",
  "version": "0.0.29",
  "lockfileVersion": 3,
  "requires": true,
  "packages": {
    "": {
      "name": "@massudy/brain",
      "version": "0.0.29",
      "license": "ISC",
      "dependencies": {
        "@massudy/easyai": "^0.4.5"
      }
    },
    "node_modules/@massudy/easyai": {
      "version": "0.4.5",
      "resolved": "https://registry.npmjs.org/@massudy/easyai/-/easyai-0.4.5.tgz",
      "integrity": "sha512-DSUnCMiDpzWaiquow+eLr75BOuNGpnGsPpKS2Bat0s+2py50dimO872Xa62AnNU4Ze6L/k7rWpy8uSrLq813IQ==",
      "bin": {
        "ai": "core/MenuCLI/MenuCLI.js"
      }
    }
  }
}
