{
  "name": "@massudy/brain",
  "version": "0.0.21",
  "lockfileVersion": 3,
  "requires": true,
  "packages": {
    "": {
      "name": "@massudy/brain",
      "version": "0.0.21",
      "license": "ISC",
      "dependencies": {
        "@massudy/easyai": "^0.3.12"
      }
    },
    "node_modules/@massudy/easyai": {
      "version": "0.3.12",
      "resolved": "https://registry.npmjs.org/@massudy/easyai/-/easyai-0.3.12.tgz",
      "integrity": "sha512-l7LkFoyU4U2d79DMwgwrPfoJs6nvGNenBiPkVfrRUxE7xI9XUI9WzFCaebbghzU73zvCgpRlhlXXi1mIJz+kvQ==",
      "bin": {
        "easyai": "core/CLI.js"
      }
    }
  }
}
