{
  "name": "@massudy/brain",
  "version": "0.0.10",
  "lockfileVersion": 3,
  "requires": true,
  "packages": {
    "": {
      "name": "@massudy/brain",
      "version": "0.0.10",
      "license": "ISC",
      "dependencies": {
        "@massudy/easyai": "^0.3.10"
      }
    },
    "node_modules/@massudy/easyai": {
      "version": "0.3.10",
      "resolved": "https://registry.npmjs.org/@massudy/easyai/-/easyai-0.3.10.tgz",
      "integrity": "sha512-OsKff7cY0jGdv69TlAtetJ+RZjgkKuRRxAU2+XgleeKmuRNGj5Ex9oB7oKX9bgfIJ6Ww9USBA4D4T3NFN+6d4Q==",
      "bin": {
        "easyai": "core/CLI.js"
      }
    }
  }
}
